<Solution>
  <Folder Name="/src/">
    <Project Path="src/Cli/Cli.csproj" />
    <Project Path="src/Core/Core.csproj" />
    <Project Path="src/DebugServer/DebugServer.csproj" />
    <Project Path="src/Engine/Engine.csproj" />
    <Project Path="src/Ifc/Ifc.csproj" />
  </Folder>
  <Folder Name="/tests/">
    <Project Path="tests/Tests/Tests.csproj" />
  </Folder>
</Solution>
